
Microsoft Visual Studio Solution File, Format Version 12.00
# Visual Studio Version 17
VisualStudioVersion = 17.4.33213.308
MinimumVisualStudioVersion = 10.0.40219.1
Project("{FAE04EC0-301F-11D3-BF4B-00C04F79EFBC}") = "ProjetoCEP", "TesteCandidato\ProjetoCEP.csproj", "{2488A238-06A7-490F-9781-0010895520F5}"
EndProject
Project("{9A19103F-16F7-4668-BE54-9A1E7A4F7556}") = "CEPapi", "CEPapi\CEPapi.csproj", "{04E5A5CE-BA0E-440A-9E2E-D7FB72159B63}"
EndProject
Global
	GlobalSection(SolutionConfigurationPlatforms) = preSolution
		Debug|Any CPU = Debug|Any CPU
		Release|Any CPU = Release|Any CPU
	EndGlobalSection
	GlobalSection(ProjectConfigurationPlatforms) = postSolution
		{2488A238-06A7-490F-9781-0010895520F5}.Debug|Any CPU.ActiveCfg = Debug|Any CPU
		{2488A238-06A7-490F-9781-0010895520F5}.Debug|Any CPU.Build.0 = Debug|Any CPU
		{2488A238-06A7-490F-9781-0010895520F5}.Release|Any CPU.ActiveCfg = Release|Any CPU
		{2488A238-06A7-490F-9781-0010895520F5}.Release|Any CPU.Build.0 = Release|Any CPU
		{04E5A5CE-BA0E-440A-9E2E-D7FB72159B63}.Debug|Any CPU.ActiveCfg = Debug|Any CPU
		{04E5A5CE-BA0E-440A-9E2E-D7FB72159B63}.Debug|Any CPU.Build.0 = Debug|Any CPU
		{04E5A5CE-BA0E-440A-9E2E-D7FB72159B63}.Release|Any CPU.ActiveCfg = Release|Any CPU
		{04E5A5CE-BA0E-440A-9E2E-D7FB72159B63}.Release|Any CPU.Build.0 = Release|Any CPU
	EndGlobalSection
	GlobalSection(SolutionProperties) = preSolution
		HideSolutionNode = FALSE
	EndGlobalSection
	GlobalSection(ExtensibilityGlobals) = postSolution
		SolutionGuid = {F4F69071-FBBC-461D-9AC3-2B8E4150AA70}
	EndGlobalSection
EndGlobal
